# This file was autogenerated by Stack.
# You should not edit this file by hand.
# For more information, please see the documentation at:
#   https://docs.haskellstack.org/en/stable/lock_files

packages:
- completed:
    hackage: prettyprinter-1.7.0@sha256:6a9569e21fa61163a7f066d23d701e23e917893e8f39733d6e617ec72787ae5f,6007
    pantry-tree:
      size: 3194
      sha256: d22f820a1f63497f7fd7e1f04b7d356d92de35582258f6ad55428c88b09e63ff
  original:
    hackage: prettyprinter-1.7.0
- completed:
    hackage: prettyprinter-ansi-terminal-1.1.2@sha256:90b3b7650bc5b9f0e58da43621d23c817acfc0cf5ce71244b9bd11b8c9f95e3a,2653
    pantry-tree:
      size: 820
      sha256: c88bd6ddbc7c3f04b4fb70d86483abc177db1435462056ad24f8738e1d84d640
  original:
    hackage: prettyprinter-ansi-terminal-1.1.2
snapshots:
- completed:
    size: 531674
    url: https://raw.githubusercontent.com/commercialhaskell/stackage-snapshots/master/lts/16/2.yaml
    sha256: 4b08fb9338ca297de7ade8318f4be1216f14dff8c0426c001fb7886ee88cb84a
  original: lts-16.2
